
Microsoft Visual Studio Solution File, Format Version 12.00
# Visual Studio 15
VisualStudioVersion = 15.0.28307.271
MinimumVisualStudioVersion = 10.0.40219.1
Project("{FAE04EC0-301F-11D3-BF4B-00C04F79EFBC}") = "Homework1", "Homework1\Homework1.csproj", "{2228FD0F-EB22-4BBB-AECD-2481704FF4AA}"
EndProject
Global
	GlobalSection(SolutionConfigurationPlatforms) = preSolution
		Debug|Any CPU = Debug|Any CPU
		Release|Any CPU = Release|Any CPU
	EndGlobalSection
	GlobalSection(ProjectConfigurationPlatforms) = postSolution
		{2228FD0F-EB22-4BBB-AECD-2481704FF4AA}.Debug|Any CPU.ActiveCfg = Debug|Any CPU
		{2228FD0F-EB22-4BBB-AECD-2481704FF4AA}.Debug|Any CPU.Build.0 = Debug|Any CPU
		{2228FD0F-EB22-4BBB-AECD-2481704FF4AA}.Release|Any CPU.ActiveCfg = Release|Any CPU
		{2228FD0F-EB22-4BBB-AECD-2481704FF4AA}.Release|Any CPU.Build.0 = Release|Any CPU
	EndGlobalSection
	GlobalSection(SolutionProperties) = preSolution
		HideSolutionNode = FALSE
	EndGlobalSection
	GlobalSection(ExtensibilityGlobals) = postSolution
		SolutionGuid = {B3DC6FE4-6F1F-44CB-8279-BBBD8A747EAA}
	EndGlobalSection
EndGlobal
